
Microsoft Visual Studio Solution File, Format Version 12.00
# Visual Studio Version 16
VisualStudioVersion = 16.0.29709.97
MinimumVisualStudioVersion = 10.0.40219.1
Project("{9A19103F-16F7-4668-BE54-9A1E7A4F7556}") = "BetterPlanCommon", "BetterPlanCommon\BetterPlanCommon.csproj", "{9EC63ABD-8244-4BAB-A488-EE6140D07BAE}"
EndProject
Project("{FAE04EC0-301F-11D3-BF4B-00C04F79EFBC}") = "Contracts", "Contracts\Contracts.csproj", "{56DBC6EB-31B3-424D-AFD9-28FD41E1C8ED}"
EndProject
Project("{FAE04EC0-301F-11D3-BF4B-00C04F79EFBC}") = "LoggerService", "LoggerService\LoggerService.csproj", "{2A1AA080-E349-45C6-8397-4E2453E10369}"
EndProject
Global
	GlobalSection(SolutionConfigurationPlatforms) = preSolution
		Debug|Any CPU = Debug|Any CPU
		Release|Any CPU = Release|Any CPU
	EndGlobalSection
	GlobalSection(ProjectConfigurationPlatforms) = postSolution
		{9EC63ABD-8244-4BAB-A488-EE6140D07BAE}.Debug|Any CPU.ActiveCfg = Debug|Any CPU
		{9EC63ABD-8244-4BAB-A488-EE6140D07BAE}.Debug|Any CPU.Build.0 = Debug|Any CPU
		{9EC63ABD-8244-4BAB-A488-EE6140D07BAE}.Release|Any CPU.ActiveCfg = Release|Any CPU
		{9EC63ABD-8244-4BAB-A488-EE6140D07BAE}.Release|Any CPU.Build.0 = Release|Any CPU
		{56DBC6EB-31B3-424D-AFD9-28FD41E1C8ED}.Debug|Any CPU.ActiveCfg = Debug|Any CPU
		{56DBC6EB-31B3-424D-AFD9-28FD41E1C8ED}.Debug|Any CPU.Build.0 = Debug|Any CPU
		{56DBC6EB-31B3-424D-AFD9-28FD41E1C8ED}.Release|Any CPU.ActiveCfg = Release|Any CPU
		{56DBC6EB-31B3-424D-AFD9-28FD41E1C8ED}.Release|Any CPU.Build.0 = Release|Any CPU
		{2A1AA080-E349-45C6-8397-4E2453E10369}.Debug|Any CPU.ActiveCfg = Debug|Any CPU
		{2A1AA080-E349-45C6-8397-4E2453E10369}.Debug|Any CPU.Build.0 = Debug|Any CPU
		{2A1AA080-E349-45C6-8397-4E2453E10369}.Release|Any CPU.ActiveCfg = Release|Any CPU
		{2A1AA080-E349-45C6-8397-4E2453E10369}.Release|Any CPU.Build.0 = Release|Any CPU
	EndGlobalSection
	GlobalSection(SolutionProperties) = preSolution
		HideSolutionNode = FALSE
	EndGlobalSection
	GlobalSection(ExtensibilityGlobals) = postSolution
		SolutionGuid = {336B6378-4A7E-443D-BC01-EB1309DE5AB4}
	EndGlobalSection
EndGlobal
