
Microsoft Visual Studio Solution File, Format Version 12.00
# Visual Studio Version 16
VisualStudioVersion = 16.0.29509.3
MinimumVisualStudioVersion = 10.0.40219.1
Project("{FAE04EC0-301F-11D3-BF4B-00C04F79EFBC}") = "FacebookPostBack", "FacebookPostBack\FacebookPostBack.csproj", "{7A96DC44-DA9F-4451-919B-56A12E16820B}"
EndProject
Global
	GlobalSection(SolutionConfigurationPlatforms) = preSolution
		Debug|Any CPU = Debug|Any CPU
		Release|Any CPU = Release|Any CPU
	EndGlobalSection
	GlobalSection(ProjectConfigurationPlatforms) = postSolution
		{7A96DC44-DA9F-4451-919B-56A12E16820B}.Debug|Any CPU.ActiveCfg = Debug|Any CPU
		{7A96DC44-DA9F-4451-919B-56A12E16820B}.Debug|Any CPU.Build.0 = Debug|Any CPU
		{7A96DC44-DA9F-4451-919B-56A12E16820B}.Release|Any CPU.ActiveCfg = Release|Any CPU
		{7A96DC44-DA9F-4451-919B-56A12E16820B}.Release|Any CPU.Build.0 = Release|Any CPU
	EndGlobalSection
	GlobalSection(SolutionProperties) = preSolution
		HideSolutionNode = FALSE
	EndGlobalSection
	GlobalSection(ExtensibilityGlobals) = postSolution
		SolutionGuid = {36C622D2-02F6-4C52-AB2B-B08C501EE7DC}
	EndGlobalSection
EndGlobal
